PODS:
  - Alamofire (4.8.2)
  - DTCoreText (1.6.21):
    - DTCoreText/Core (= 1.6.21)
    - DTFoundation/Core (~> 1.7.5)
    - DTFoundation/DTAnimatedGIF (~> 1.7.5)
    - DTFoundation/DTHTMLParser (~> 1.7.5)
    - DTFoundation/UIKit (~> 1.7.5)
  - DTCoreText/Core (1.6.21):
    - DTFoundation/Core (~> 1.7.5)
    - DTFoundation/DTAnimatedGIF (~> 1.7.5)
    - DTFoundation/DTHTMLParser (~> 1.7.5)
    - DTFoundation/UIKit (~> 1.7.5)
  - DTFoundation/Core (1.7.13)
  - DTFoundation/DTAnimatedGIF (1.7.13)
  - DTFoundation/DTHTMLParser (1.7.13):
    - DTFoundation/Core
  - DTFoundation/UIKit (1.7.13):
    - DTFoundation/Core
  - EFCMark (0.0.2)
  - EFMarkdown (5.0.0):
    - EFCMark (= 0.0.2)
  - HandyJSON (5.0.1)
  - Kingfisher (4.10.1)
  - MJRefresh (3.2.0)
  - SnapKit (4.2.0)

DEPENDENCIES:
  - Alamofire
  - DTCoreText
  - EFMarkdown
  - HandyJSON
  - Kingfisher
  - MJRefresh
  - SnapKit

SPEC REPOS:
  https://github.com/cocoapods/specs.git:
    - Alamofire
    - DTCoreText
    - DTFoundation
    - EFCMark
    - EFMarkdown
    - HandyJSON
    - Kingfisher
    - MJRefresh
    - SnapKit

SPEC CHECKSUMS:
  Alamofire: ae5c501addb7afdbb13687d7f2f722c78734c2d3
  DTCoreText: e5d688cffc9f6a61eddd1a4f94e2046851230de3
  DTFoundation: f03be9fd786f11e505bb8fc44e2a3732bf0917df
  EFCMark: 78fb32ed4107c8efc640ad9d20ac31cd44ce2046
  EFMarkdown: 915ff03080b95efcc737650991397322d661f1d9
  HandyJSON: d45b8415c501e3affc59ca9762c1197ff0feb646
  Kingfisher: c148cd7b47ebde9989f6bc7c27dcaa79d81279a0
  MJRefresh: ed450d6eb9d3346a2cb033ab7eb6de090aeef437
  SnapKit: fe8a619752f3f27075cc9a90244d75c6c3f27e2a

PODFILE CHECKSUM: a4681aa763c8f724fc8659dad4ecafb81b648116

COCOAPODS: 1.6.1
