// !$*UTF8*$!
{
	archiveVersion = 1;
	classes = {
	};
	objectVersion = 50;
	objects = {

/* Begin PBXBuildFile section */
		3D223F0322805ECE0078F1D0 /* AppDelegate.swift in Sources */ = {isa = PBXBuildFile; fileRef = 3D223F0222805ECE0078F1D0 /* AppDelegate.swift */; };
		3D223F0522805ECE0078F1D0 /* ViewController.swift in Sources */ = {isa = PBXBuildFile; fileRef = 3D223F0422805ECE0078F1D0 /* ViewController.swift */; };
		3D223F0822805ECF0078F1D0 /* Main.storyboard in Resources */ = {isa = PBXBuildFile; fileRef = 3D223F0622805ECF0078F1D0 /* Main.storyboard */; };
		3D223F0A22805ED00078F1D0 /* Assets.xcassets in Resources */ = {isa = PBXBuildFile; fileRef = 3D223F0922805ED00078F1D0 /* Assets.xcassets */; };
		3D223F0D22805ED00078F1D0 /* LaunchScreen.storyboard in Resources */ = {isa = PBXBuildFile; fileRef = 3D223F0B22805ED00078F1D0 /* LaunchScreen.storyboard */; };
		3D223F1822805ED00078F1D0 /* CxyHubTests.swift in Sources */ = {isa = PBXBuildFile; fileRef = 3D223F1722805ED00078F1D0 /* CxyHubTests.swift */; };
		3D223F2322805ED10078F1D0 /* CxyHubUITests.swift in Sources */ = {isa = PBXBuildFile; fileRef = 3D223F2222805ED10078F1D0 /* CxyHubUITests.swift */; };
		3D223F3A22806B3D0078F1D0 /* BaseViewController.swift in Sources */ = {isa = PBXBuildFile; fileRef = 3D223F3922806B3D0078F1D0 /* BaseViewController.swift */; };
		3D223F3C22806B560078F1D0 /* HotViewController.swift in Sources */ = {isa = PBXBuildFile; fileRef = 3D223F3B22806B560078F1D0 /* HotViewController.swift */; };
		3D223F3E22806B5E0078F1D0 /* NewsViewController.swift in Sources */ = {isa = PBXBuildFile; fileRef = 3D223F3D22806B5E0078F1D0 /* NewsViewController.swift */; };
		3D223F4022806B650078F1D0 /* StarViewController.swift in Sources */ = {isa = PBXBuildFile; fileRef = 3D223F3F22806B650078F1D0 /* StarViewController.swift */; };
		3D223F4222806B6D0078F1D0 /* SearchViewController.swift in Sources */ = {isa = PBXBuildFile; fileRef = 3D223F4122806B6D0078F1D0 /* SearchViewController.swift */; };
		3D223F4522806B8B0078F1D0 /* MineViewController.swift in Sources */ = {isa = PBXBuildFile; fileRef = 3D223F4422806B8B0078F1D0 /* MineViewController.swift */; };
		3D223F4822806B9F0078F1D0 /* LoginViewController.swift in Sources */ = {isa = PBXBuildFile; fileRef = 3D223F4722806B9F0078F1D0 /* LoginViewController.swift */; };
		3D223F4B22806BB10078F1D0 /* WebViewController.swift in Sources */ = {isa = PBXBuildFile; fileRef = 3D223F4A22806BB10078F1D0 /* WebViewController.swift */; };
		3D223F5B22806C6D0078F1D0 /* TabBarViewController.swift in Sources */ = {isa = PBXBuildFile; fileRef = 3D223F5A22806C6D0078F1D0 /* TabBarViewController.swift */; };
		3D223F622281780D0078F1D0 /* BaseResponse.swift in Sources */ = {isa = PBXBuildFile; fileRef = 3D223F602281780D0078F1D0 /* BaseResponse.swift */; };
		3D223F632281780D0078F1D0 /* BaseClient.swift in Sources */ = {isa = PBXBuildFile; fileRef = 3D223F612281780D0078F1D0 /* BaseClient.swift */; };
		3D223F6722817B940078F1D0 /* URLExtension.swift in Sources */ = {isa = PBXBuildFile; fileRef = 3D223F6422817B940078F1D0 /* URLExtension.swift */; };
		3D223F6822817B940078F1D0 /* UIViewExtension.swift in Sources */ = {isa = PBXBuildFile; fileRef = 3D223F6522817B940078F1D0 /* UIViewExtension.swift */; };
		3D223F6922817B940078F1D0 /* DictionaryExtension.swift in Sources */ = {isa = PBXBuildFile; fileRef = 3D223F6622817B940078F1D0 /* DictionaryExtension.swift */; };
		3D223F6B22817C5A0078F1D0 /* BaseApi.swift in Sources */ = {isa = PBXBuildFile; fileRef = 3D223F6A22817C5A0078F1D0 /* BaseApi.swift */; };
		3D223F6D22817D6B0078F1D0 /* HotApi.swift in Sources */ = {isa = PBXBuildFile; fileRef = 3D223F6C22817D6B0078F1D0 /* HotApi.swift */; };
		3D223F6F22817D740078F1D0 /* HotClient.swift in Sources */ = {isa = PBXBuildFile; fileRef = 3D223F6E22817D740078F1D0 /* HotClient.swift */; };
		3D223F7122819CF00078F1D0 /* HotItem.swift in Sources */ = {isa = PBXBuildFile; fileRef = 3D223F7022819CF00078F1D0 /* HotItem.swift */; };
		3D223F7322819E0A0078F1D0 /* BaseTableViewController.swift in Sources */ = {isa = PBXBuildFile; fileRef = 3D223F7222819E0A0078F1D0 /* BaseTableViewController.swift */; };
		3D223F7522819E660078F1D0 /* UITableViewExtension.swift in Sources */ = {isa = PBXBuildFile; fileRef = 3D223F7422819E660078F1D0 /* UITableViewExtension.swift */; };
		3D223F7722819F340078F1D0 /* HotCell.swift in Sources */ = {isa = PBXBuildFile; fileRef = 3D223F7622819F340078F1D0 /* HotCell.swift */; };
		3D223F7922828BD10078F1D0 /* HotTrendingLangApi.swift in Sources */ = {isa = PBXBuildFile; fileRef = 3D223F7822828BD10078F1D0 /* HotTrendingLangApi.swift */; };
		3D223F7B22828D0C0078F1D0 /* HotFilterViewController.swift in Sources */ = {isa = PBXBuildFile; fileRef = 3D223F7A22828D0C0078F1D0 /* HotFilterViewController.swift */; };
		3D223F7D228290E30078F1D0 /* EnumExtension.swift in Sources */ = {isa = PBXBuildFile; fileRef = 3D223F7C228290E30078F1D0 /* EnumExtension.swift */; };
		3D223F7F2282D10C0078F1D0 /* UISearchBar+Keyboard.swift in Sources */ = {isa = PBXBuildFile; fileRef = 3D223F7E2282D10B0078F1D0 /* UISearchBar+Keyboard.swift */; };
		3D27063E2285333B007BE64F /* UINavigationController+TabBar.swift in Sources */ = {isa = PBXBuildFile; fileRef = 3D27063D2285333B007BE64F /* UINavigationController+TabBar.swift */; };
		3D27064022853388007BE64F /* BaseNavigationViewController.swift in Sources */ = {isa = PBXBuildFile; fileRef = 3D27063F22853388007BE64F /* BaseNavigationViewController.swift */; };
		3D27064222854CF4007BE64F /* Array+subscript.swift in Sources */ = {isa = PBXBuildFile; fileRef = 3D27064122854CF4007BE64F /* Array+subscript.swift */; };
		3D270644228569F0007BE64F /* LoginClient.swift in Sources */ = {isa = PBXBuildFile; fileRef = 3D270643228569F0007BE64F /* LoginClient.swift */; };
		3D27064622856A36007BE64F /* LoginApi.swift in Sources */ = {isa = PBXBuildFile; fileRef = 3D27064522856A36007BE64F /* LoginApi.swift */; };
		3D27064822856FA3007BE64F /* Login.swift in Sources */ = {isa = PBXBuildFile; fileRef = 3D27064722856FA3007BE64F /* Login.swift */; };
		3D27064A22859C36007BE64F /* LoginAccess.swift in Sources */ = {isa = PBXBuildFile; fileRef = 3D27064922859C35007BE64F /* LoginAccess.swift */; };
		3D27064C2285A718007BE64F /* MineProfileCell.swift in Sources */ = {isa = PBXBuildFile; fileRef = 3D27064B2285A718007BE64F /* MineProfileCell.swift */; };
		3D27064E2285AB78007BE64F /* MineNumberItem.swift in Sources */ = {isa = PBXBuildFile; fileRef = 3D27064D2285AB78007BE64F /* MineNumberItem.swift */; };
		3D2706502285C541007BE64F /* MineApi.swift in Sources */ = {isa = PBXBuildFile; fileRef = 3D27064F2285C541007BE64F /* MineApi.swift */; };
		3D2706522285C630007BE64F /* MineClient.swift in Sources */ = {isa = PBXBuildFile; fileRef = 3D2706512285C630007BE64F /* MineClient.swift */; };
		3D2706542285C6C9007BE64F /* MineUser.swift in Sources */ = {isa = PBXBuildFile; fileRef = 3D2706532285C6C9007BE64F /* MineUser.swift */; };
		3D27065A22894B6D007BE64F /* DTImageTextAttachment+CxyHub.m in Sources */ = {isa = PBXBuildFile; fileRef = 3D27065922894B6D007BE64F /* DTImageTextAttachment+CxyHub.m */; };
		3D27065D22898C89007BE64F /* DetailViewController.swift in Sources */ = {isa = PBXBuildFile; fileRef = 3D27065C22898C88007BE64F /* DetailViewController.swift */; };
		3D27065F22898D25007BE64F /* DetailApi.swift in Sources */ = {isa = PBXBuildFile; fileRef = 3D27065E22898D25007BE64F /* DetailApi.swift */; };
		3D27066522899C6F007BE64F /* Detail.swift in Sources */ = {isa = PBXBuildFile; fileRef = 3D27066322899C6F007BE64F /* Detail.swift */; };
		3D27066922899D19007BE64F /* DetailOwner.swift in Sources */ = {isa = PBXBuildFile; fileRef = 3D27066722899D18007BE64F /* DetailOwner.swift */; };
		3D27066B22899E1A007BE64F /* DetailClient.swift in Sources */ = {isa = PBXBuildFile; fileRef = 3D27066A22899E1A007BE64F /* DetailClient.swift */; };
		9BDC5AC34BD3D8B4525753BE /* Pods_CxyHub.framework in Frameworks */ = {isa = PBXBuildFile; fileRef = DBE1F8C28CC48EECBFCE88FF /* Pods_CxyHub.framework */; };
		B2122A5122831E4700D80E30 /* SystemUtils.swift in Sources */ = {isa = PBXBuildFile; fileRef = B2122A4922831E4700D80E30 /* SystemUtils.swift */; };
		B2122A5222831E4700D80E30 /* DeviceInfo.swift in Sources */ = {isa = PBXBuildFile; fileRef = B2122A4A22831E4700D80E30 /* DeviceInfo.swift */; };
		B2122A5322831E4700D80E30 /* UserAgent.swift in Sources */ = {isa = PBXBuildFile; fileRef = B2122A4B22831E4700D80E30 /* UserAgent.swift */; };
		B2122A5422831E4700D80E30 /* NotificationConstants.swift in Sources */ = {isa = PBXBuildFile; fileRef = B2122A4C22831E4700D80E30 /* NotificationConstants.swift */; };
		B2122A5522831E4700D80E30 /* Reachability.swift in Sources */ = {isa = PBXBuildFile; fileRef = B2122A4D22831E4700D80E30 /* Reachability.swift */; };
		B2122A5622831E4700D80E30 /* AppConstants.swift in Sources */ = {isa = PBXBuildFile; fileRef = B2122A4E22831E4700D80E30 /* AppConstants.swift */; };
		B2122A5722831E4700D80E30 /* AppInfo.swift in Sources */ = {isa = PBXBuildFile; fileRef = B2122A4F22831E4700D80E30 /* AppInfo.swift */; };
		B2122A5822831E4700D80E30 /* KeyboardHelper.swift in Sources */ = {isa = PBXBuildFile; fileRef = B2122A5022831E4700D80E30 /* KeyboardHelper.swift */; };
		B2122A5A2283232700D80E30 /* HotFilterHeaderView.swift in Sources */ = {isa = PBXBuildFile; fileRef = B2122A592283232700D80E30 /* HotFilterHeaderView.swift */; };
		B22D78642286D1CF005DC870 /* HotFilter.swift in Sources */ = {isa = PBXBuildFile; fileRef = B22D78632286D1CE005DC870 /* HotFilter.swift */; };
		B22D7866228821DB005DC870 /* String+Base64.swift in Sources */ = {isa = PBXBuildFile; fileRef = B22D7865228821DB005DC870 /* String+Base64.swift */; };
		B281AAE5228678DF00C2D58D /* MineOtherCell.swift in Sources */ = {isa = PBXBuildFile; fileRef = B281AAE4228678DF00C2D58D /* MineOtherCell.swift */; };
		B281AAE72286805900C2D58D /* SettingViewController.swift in Sources */ = {isa = PBXBuildFile; fileRef = B281AAE62286805900C2D58D /* SettingViewController.swift */; };
		EC685A1A628434E59C548553 /* Pods_CxyHubUITests.framework in Frameworks */ = {isa = PBXBuildFile; fileRef = B136EFD1D26F643E7360BE43 /* Pods_CxyHubUITests.framework */; };
		F0442D4BF4E68501537842FC /* Pods_CxyHubTests.framework in Frameworks */ = {isa = PBXBuildFile; fileRef = F643AB992C33FB9559A16637 /* Pods_CxyHubTests.framework */; };
/* End PBXBuildFile section */

/* Begin PBXContainerItemProxy section */
		3D223F1422805ED00078F1D0 /* PBXContainerItemProxy */ = {
			isa = PBXContainerItemProxy;
			containerPortal = 3D223EF722805ECE0078F1D0 /* Project object */;
			proxyType = 1;
			remoteGlobalIDString = 3D223EFE22805ECE0078F1D0;
			remoteInfo = CxyHub;
		};
		3D223F1F22805ED10078F1D0 /* PBXContainerItemProxy */ = {
			isa = PBXContainerItemProxy;
			containerPortal = 3D223EF722805ECE0078F1D0 /* Project object */;
			proxyType = 1;
			remoteGlobalIDString = 3D223EFE22805ECE0078F1D0;
			remoteInfo = CxyHub;
		};
/* End PBXContainerItemProxy section */

/* Begin PBXFileReference section */
		3D223EFF22805ECE0078F1D0 /* CxyHub.app */ = {isa = PBXFileReference; explicitFileType = wrapper.application; includeInIndex = 0; path = CxyHub.app; sourceTree = BUILT_PRODUCTS_DIR; };
		3D223F0222805ECE0078F1D0 /* AppDelegate.swift */ = {isa = PBXFileReference; lastKnownFileType = sourcecode.swift; path = AppDelegate.swift; sourceTree = "<group>"; };
		3D223F0422805ECE0078F1D0 /* ViewController.swift */ = {isa = PBXFileReference; lastKnownFileType = sourcecode.swift; path = ViewController.swift; sourceTree = "<group>"; };
		3D223F0722805ECF0078F1D0 /* Base */ = {isa = PBXFileReference; lastKnownFileType = file.storyboard; name = Base; path = Base.lproj/Main.storyboard; sourceTree = "<group>"; };
		3D223F0922805ED00078F1D0 /* Assets.xcassets */ = {isa = PBXFileReference; lastKnownFileType = folder.assetcatalog; path = Assets.xcassets; sourceTree = "<group>"; };
		3D223F0C22805ED00078F1D0 /* Base */ = {isa = PBXFileReference; lastKnownFileType = file.storyboard; name = Base; path = Base.lproj/LaunchScreen.storyboard; sourceTree = "<group>"; };
		3D223F0E22805ED00078F1D0 /* Info.plist */ = {isa = PBXFileReference; lastKnownFileType = text.plist.xml; path = Info.plist; sourceTree = "<group>"; };
		3D223F1322805ED00078F1D0 /* CxyHubTests.xctest */ = {isa = PBXFileReference; explicitFileType = wrapper.cfbundle; includeInIndex = 0; path = CxyHubTests.xctest; sourceTree = BUILT_PRODUCTS_DIR; };
		3D223F1722805ED00078F1D0 /* CxyHubTests.swift */ = {isa = PBXFileReference; lastKnownFileType = sourcecode.swift; path = CxyHubTests.swift; sourceTree = "<group>"; };
		3D223F1922805ED10078F1D0 /* Info.plist */ = {isa = PBXFileReference; lastKnownFileType = text.plist.xml; path = Info.plist; sourceTree = "<group>"; };
		3D223F1E22805ED10078F1D0 /* CxyHubUITests.xctest */ = {isa = PBXFileReference; explicitFileType = wrapper.cfbundle; includeInIndex = 0; path = CxyHubUITests.xctest; sourceTree = BUILT_PRODUCTS_DIR; };
		3D223F2222805ED10078F1D0 /* CxyHubUITests.swift */ = {isa = PBXFileReference; lastKnownFileType = sourcecode.swift; path = CxyHubUITests.swift; sourceTree = "<group>"; };
		3D223F2422805ED10078F1D0 /* Info.plist */ = {isa = PBXFileReference; lastKnownFileType = text.plist.xml; path = Info.plist; sourceTree = "<group>"; };
		3D223F3922806B3D0078F1D0 /* BaseViewController.swift */ = {isa = PBXFileReference; lastKnownFileType = sourcecode.swift; path = BaseViewController.swift; sourceTree = "<group>"; };
		3D223F3B22806B560078F1D0 /* HotViewController.swift */ = {isa = PBXFileReference; lastKnownFileType = sourcecode.swift; path = HotViewController.swift; sourceTree = "<group>"; };
		3D223F3D22806B5E0078F1D0 /* NewsViewController.swift */ = {isa = PBXFileReference; lastKnownFileType = sourcecode.swift; path = NewsViewController.swift; sourceTree = "<group>"; };
		3D223F3F22806B650078F1D0 /* StarViewController.swift */ = {isa = PBXFileReference; lastKnownFileType = sourcecode.swift; path = StarViewController.swift; sourceTree = "<group>"; };
		3D223F4122806B6D0078F1D0 /* SearchViewController.swift */ = {isa = PBXFileReference; lastKnownFileType = sourcecode.swift; path = SearchViewController.swift; sourceTree = "<group>"; };
		3D223F4422806B8B0078F1D0 /* MineViewController.swift */ = {isa = PBXFileReference; lastKnownFileType = sourcecode.swift; path = MineViewController.swift; sourceTree = "<group>"; };
		3D223F4722806B9F0078F1D0 /* LoginViewController.swift */ = {isa = PBXFileReference; lastKnownFileType = sourcecode.swift; path = LoginViewController.swift; sourceTree = "<group>"; };
		3D223F4A22806BB10078F1D0 /* WebViewController.swift */ = {isa = PBXFileReference; lastKnownFileType = sourcecode.swift; path = WebViewController.swift; sourceTree = "<group>"; };
		3D223F5A22806C6D0078F1D0 /* TabBarViewController.swift */ = {isa = PBXFileReference; lastKnownFileType = sourcecode.swift; path = TabBarViewController.swift; sourceTree = "<group>"; };
		3D223F602281780D0078F1D0 /* BaseResponse.swift */ = {isa = PBXFileReference; fileEncoding = 4; lastKnownFileType = sourcecode.swift; path = BaseResponse.swift; sourceTree = "<group>"; };
		3D223F612281780D0078F1D0 /* BaseClient.swift */ = {isa = PBXFileReference; fileEncoding = 4; lastKnownFileType = sourcecode.swift; path = BaseClient.swift; sourceTree = "<group>"; };
		3D223F6422817B940078F1D0 /* URLExtension.swift */ = {isa = PBXFileReference; fileEncoding = 4; lastKnownFileType = sourcecode.swift; path = URLExtension.swift; sourceTree = "<group>"; };
		3D223F6522817B940078F1D0 /* UIViewExtension.swift */ = {isa = PBXFileReference; fileEncoding = 4; lastKnownFileType = sourcecode.swift; path = UIViewExtension.swift; sourceTree = "<group>"; };
		3D223F6622817B940078F1D0 /* DictionaryExtension.swift */ = {isa = PBXFileReference; fileEncoding = 4; lastKnownFileType = sourcecode.swift; path = DictionaryExtension.swift; sourceTree = "<group>"; };
		3D223F6A22817C5A0078F1D0 /* BaseApi.swift */ = {isa = PBXFileReference; lastKnownFileType = sourcecode.swift; path = BaseApi.swift; sourceTree = "<group>"; };
		3D223F6C22817D6B0078F1D0 /* HotApi.swift */ = {isa = PBXFileReference; lastKnownFileType = sourcecode.swift; path = HotApi.swift; sourceTree = "<group>"; };
		3D223F6E22817D740078F1D0 /* HotClient.swift */ = {isa = PBXFileReference; lastKnownFileType = sourcecode.swift; path = HotClient.swift; sourceTree = "<group>"; };
		3D223F7022819CF00078F1D0 /* HotItem.swift */ = {isa = PBXFileReference; lastKnownFileType = sourcecode.swift; path = HotItem.swift; sourceTree = "<group>"; };
		3D223F7222819E0A0078F1D0 /* BaseTableViewController.swift */ = {isa = PBXFileReference; lastKnownFileType = sourcecode.swift; path = BaseTableViewController.swift; sourceTree = "<group>"; };
		3D223F7422819E660078F1D0 /* UITableViewExtension.swift */ = {isa = PBXFileReference; lastKnownFileType = sourcecode.swift; path = UITableViewExtension.swift; sourceTree = "<group>"; };
		3D223F7622819F340078F1D0 /* HotCell.swift */ = {isa = PBXFileReference; lastKnownFileType = sourcecode.swift; path = HotCell.swift; sourceTree = "<group>"; };
		3D223F7822828BD10078F1D0 /* HotTrendingLangApi.swift */ = {isa = PBXFileReference; lastKnownFileType = sourcecode.swift; path = HotTrendingLangApi.swift; sourceTree = "<group>"; };
		3D223F7A22828D0C0078F1D0 /* HotFilterViewController.swift */ = {isa = PBXFileReference; lastKnownFileType = sourcecode.swift; path = HotFilterViewController.swift; sourceTree = "<group>"; };
		3D223F7C228290E30078F1D0 /* EnumExtension.swift */ = {isa = PBXFileReference; lastKnownFileType = sourcecode.swift; path = EnumExtension.swift; sourceTree = "<group>"; };
		3D223F7E2282D10B0078F1D0 /* UISearchBar+Keyboard.swift */ = {isa = PBXFileReference; lastKnownFileType = sourcecode.swift; path = "UISearchBar+Keyboard.swift"; sourceTree = "<group>"; };
		3D27063D2285333B007BE64F /* UINavigationController+TabBar.swift */ = {isa = PBXFileReference; lastKnownFileType = sourcecode.swift; path = "UINavigationController+TabBar.swift"; sourceTree = "<group>"; };
		3D27063F22853388007BE64F /* BaseNavigationViewController.swift */ = {isa = PBXFileReference; lastKnownFileType = sourcecode.swift; path = BaseNavigationViewController.swift; sourceTree = "<group>"; };
		3D27064122854CF4007BE64F /* Array+subscript.swift */ = {isa = PBXFileReference; lastKnownFileType = sourcecode.swift; path = "Array+subscript.swift"; sourceTree = "<group>"; };
		3D270643228569F0007BE64F /* LoginClient.swift */ = {isa = PBXFileReference; lastKnownFileType = sourcecode.swift; path = LoginClient.swift; sourceTree = "<group>"; };
		3D27064522856A36007BE64F /* LoginApi.swift */ = {isa = PBXFileReference; lastKnownFileType = sourcecode.swift; path = LoginApi.swift; sourceTree = "<group>"; };
		3D27064722856FA3007BE64F /* Login.swift */ = {isa = PBXFileReference; lastKnownFileType = sourcecode.swift; path = Login.swift; sourceTree = "<group>"; };
		3D27064922859C35007BE64F /* LoginAccess.swift */ = {isa = PBXFileReference; lastKnownFileType = sourcecode.swift; path = LoginAccess.swift; sourceTree = "<group>"; };
		3D27064B2285A718007BE64F /* MineProfileCell.swift */ = {isa = PBXFileReference; lastKnownFileType = sourcecode.swift; path = MineProfileCell.swift; sourceTree = "<group>"; };
		3D27064D2285AB78007BE64F /* MineNumberItem.swift */ = {isa = PBXFileReference; lastKnownFileType = sourcecode.swift; path = MineNumberItem.swift; sourceTree = "<group>"; };
		3D27064F2285C541007BE64F /* MineApi.swift */ = {isa = PBXFileReference; lastKnownFileType = sourcecode.swift; path = MineApi.swift; sourceTree = "<group>"; };
		3D2706512285C630007BE64F /* MineClient.swift */ = {isa = PBXFileReference; lastKnownFileType = sourcecode.swift; path = MineClient.swift; sourceTree = "<group>"; };
		3D2706532285C6C9007BE64F /* MineUser.swift */ = {isa = PBXFileReference; lastKnownFileType = sourcecode.swift; path = MineUser.swift; sourceTree = "<group>"; };
		3D27065822894B6D007BE64F /* DTImageTextAttachment+CxyHub.h */ = {isa = PBXFileReference; lastKnownFileType = sourcecode.c.h; path = "DTImageTextAttachment+CxyHub.h"; sourceTree = "<group>"; };
		3D27065922894B6D007BE64F /* DTImageTextAttachment+CxyHub.m */ = {isa = PBXFileReference; lastKnownFileType = sourcecode.c.objc; path = "DTImageTextAttachment+CxyHub.m"; sourceTree = "<group>"; };
		3D27065C22898C88007BE64F /* DetailViewController.swift */ = {isa = PBXFileReference; lastKnownFileType = sourcecode.swift; path = DetailViewController.swift; sourceTree = "<group>"; };
		3D27065E22898D25007BE64F /* DetailApi.swift */ = {isa = PBXFileReference; lastKnownFileType = sourcecode.swift; path = DetailApi.swift; sourceTree = "<group>"; };
		3D27066322899C6F007BE64F /* Detail.swift */ = {isa = PBXFileReference; fileEncoding = 4; lastKnownFileType = sourcecode.swift; path = Detail.swift; sourceTree = "<group>"; };
		3D27066722899D18007BE64F /* DetailOwner.swift */ = {isa = PBXFileReference; fileEncoding = 4; lastKnownFileType = sourcecode.swift; path = DetailOwner.swift; sourceTree = "<group>"; };
		3D27066A22899E1A007BE64F /* DetailClient.swift */ = {isa = PBXFileReference; lastKnownFileType = sourcecode.swift; path = DetailClient.swift; sourceTree = "<group>"; };
		3DBE24AC07EE82823788514C /* Pods-CxyHub.debug.xcconfig */ = {isa = PBXFileReference; includeInIndex = 1; lastKnownFileType = text.xcconfig; name = "Pods-CxyHub.debug.xcconfig"; path = "Pods/Target Support Files/Pods-CxyHub/Pods-CxyHub.debug.xcconfig"; sourceTree = "<group>"; };
		684FC79C9D8ADD685A1DA722 /* Pods-CxyHub.release.xcconfig */ = {isa = PBXFileReference; includeInIndex = 1; lastKnownFileType = text.xcconfig; name = "Pods-CxyHub.release.xcconfig"; path = "Pods/Target Support Files/Pods-CxyHub/Pods-CxyHub.release.xcconfig"; sourceTree = "<group>"; };
		80C262E817E838043A844E18 /* Pods-CxyHubUITests.release.xcconfig */ = {isa = PBXFileReference; includeInIndex = 1; lastKnownFileType = text.xcconfig; name = "Pods-CxyHubUITests.release.xcconfig"; path = "Pods/Target Support Files/Pods-CxyHubUITests/Pods-CxyHubUITests.release.xcconfig"; sourceTree = "<group>"; };
		917423118F64FC94A5C6E82E /* Pods-CxyHubTests.release.xcconfig */ = {isa = PBXFileReference; includeInIndex = 1; lastKnownFileType = text.xcconfig; name = "Pods-CxyHubTests.release.xcconfig"; path = "Pods/Target Support Files/Pods-CxyHubTests/Pods-CxyHubTests.release.xcconfig"; sourceTree = "<group>"; };
		B136EFD1D26F643E7360BE43 /* Pods_CxyHubUITests.framework */ = {isa = PBXFileReference; explicitFileType = wrapper.framework; includeInIndex = 0; path = Pods_CxyHubUITests.framework; sourceTree = BUILT_PRODUCTS_DIR; };
		B2122A4922831E4700D80E30 /* SystemUtils.swift */ = {isa = PBXFileReference; fileEncoding = 4; lastKnownFileType = sourcecode.swift; path = SystemUtils.swift; sourceTree = "<group>"; };
		B2122A4A22831E4700D80E30 /* DeviceInfo.swift */ = {isa = PBXFileReference; fileEncoding = 4; lastKnownFileType = sourcecode.swift; path = DeviceInfo.swift; sourceTree = "<group>"; };
		B2122A4B22831E4700D80E30 /* UserAgent.swift */ = {isa = PBXFileReference; fileEncoding = 4; lastKnownFileType = sourcecode.swift; path = UserAgent.swift; sourceTree = "<group>"; };
		B2122A4C22831E4700D80E30 /* NotificationConstants.swift */ = {isa = PBXFileReference; fileEncoding = 4; lastKnownFileType = sourcecode.swift; path = NotificationConstants.swift; sourceTree = "<group>"; };
		B2122A4D22831E4700D80E30 /* Reachability.swift */ = {isa = PBXFileReference; fileEncoding = 4; lastKnownFileType = sourcecode.swift; path = Reachability.swift; sourceTree = "<group>"; };
		B2122A4E22831E4700D80E30 /* AppConstants.swift */ = {isa = PBXFileReference; fileEncoding = 4; lastKnownFileType = sourcecode.swift; path = AppConstants.swift; sourceTree = "<group>"; };
		B2122A4F22831E4700D80E30 /* AppInfo.swift */ = {isa = PBXFileReference; fileEncoding = 4; lastKnownFileType = sourcecode.swift; path = AppInfo.swift; sourceTree = "<group>"; };
		B2122A5022831E4700D80E30 /* KeyboardHelper.swift */ = {isa = PBXFileReference; fileEncoding = 4; lastKnownFileType = sourcecode.swift; path = KeyboardHelper.swift; sourceTree = "<group>"; };
		B2122A592283232700D80E30 /* HotFilterHeaderView.swift */ = {isa = PBXFileReference; lastKnownFileType = sourcecode.swift; path = HotFilterHeaderView.swift; sourceTree = "<group>"; };
		B22D78632286D1CE005DC870 /* HotFilter.swift */ = {isa = PBXFileReference; lastKnownFileType = sourcecode.swift; path = HotFilter.swift; sourceTree = "<group>"; };
		B22D7865228821DB005DC870 /* String+Base64.swift */ = {isa = PBXFileReference; lastKnownFileType = sourcecode.swift; path = "String+Base64.swift"; sourceTree = "<group>"; };
		B22D7868228875A0005DC870 /* CxyHub-Bridging-Header.h */ = {isa = PBXFileReference; lastKnownFileType = sourcecode.c.h; path = "CxyHub-Bridging-Header.h"; sourceTree = "<group>"; };
		B281AAE4228678DF00C2D58D /* MineOtherCell.swift */ = {isa = PBXFileReference; lastKnownFileType = sourcecode.swift; path = MineOtherCell.swift; sourceTree = "<group>"; };
		B281AAE62286805900C2D58D /* SettingViewController.swift */ = {isa = PBXFileReference; lastKnownFileType = sourcecode.swift; path = SettingViewController.swift; sourceTree = "<group>"; };
		BB15404A9DA2399EFA2C4FCC /* Pods-CxyHubTests.debug.xcconfig */ = {isa = PBXFileReference; includeInIndex = 1; lastKnownFileType = text.xcconfig; name = "Pods-CxyHubTests.debug.xcconfig"; path = "Pods/Target Support Files/Pods-CxyHubTests/Pods-CxyHubTests.debug.xcconfig"; sourceTree = "<group>"; };
		DBE1F8C28CC48EECBFCE88FF /* Pods_CxyHub.framework */ = {isa = PBXFileReference; explicitFileType = wrapper.framework; includeInIndex = 0; path = Pods_CxyHub.framework; sourceTree = BUILT_PRODUCTS_DIR; };
		F643AB992C33FB9559A16637 /* Pods_CxyHubTests.framework */ = {isa = PBXFileReference; explicitFileType = wrapper.framework; includeInIndex = 0; path = Pods_CxyHubTests.framework; sourceTree = BUILT_PRODUCTS_DIR; };
		FDA532AE17B89DEBE6411238 /* Pods-CxyHubUITests.debug.xcconfig */ = {isa = PBXFileReference; includeInIndex = 1; lastKnownFileType = text.xcconfig; name = "Pods-CxyHubUITests.debug.xcconfig"; path = "Pods/Target Support Files/Pods-CxyHubUITests/Pods-CxyHubUITests.debug.xcconfig"; sourceTree = "<group>"; };
/* End PBXFileReference section */

/* Begin PBXFrameworksBuildPhase section */
		3D223EFC22805ECE0078F1D0 /* Frameworks */ = {
			isa = PBXFrameworksBuildPhase;
			buildActionMask = 2147483647;
			files = (
				9BDC5AC34BD3D8B4525753BE /* Pods_CxyHub.framework in Frameworks */,
			);
			runOnlyForDeploymentPostprocessing = 0;
		};
		3D223F1022805ED00078F1D0 /* Frameworks */ = {
			isa = PBXFrameworksBuildPhase;
			buildActionMask = 2147483647;
			files = (
				F0442D4BF4E68501537842FC /* Pods_CxyHubTests.framework in Frameworks */,
			);
			runOnlyForDeploymentPostprocessing = 0;
		};
		3D223F1B22805ED10078F1D0 /* Frameworks */ = {
			isa = PBXFrameworksBuildPhase;
			buildActionMask = 2147483647;
			files = (
				EC685A1A628434E59C548553 /* Pods_CxyHubUITests.framework in Frameworks */,
			);
			runOnlyForDeploymentPostprocessing = 0;
		};
/* End PBXFrameworksBuildPhase section */

/* Begin PBXGroup section */
		30F29C4C6A9D6F2A56E5DF71 /* Pods */ = {
			isa = PBXGroup;
			children = (
				3DBE24AC07EE82823788514C /* Pods-CxyHub.debug.xcconfig */,
				684FC79C9D8ADD685A1DA722 /* Pods-CxyHub.release.xcconfig */,
				BB15404A9DA2399EFA2C4FCC /* Pods-CxyHubTests.debug.xcconfig */,
				917423118F64FC94A5C6E82E /* Pods-CxyHubTests.release.xcconfig */,
				FDA532AE17B89DEBE6411238 /* Pods-CxyHubUITests.debug.xcconfig */,
				80C262E817E838043A844E18 /* Pods-CxyHubUITests.release.xcconfig */,
			);
			name = Pods;
			sourceTree = "<group>";
		};
		3D223EF622805ECE0078F1D0 = {
			isa = PBXGroup;
			children = (
				3D223F0122805ECE0078F1D0 /* CxyHub */,
				3D223F1622805ED00078F1D0 /* CxyHubTests */,
				3D223F2122805ED10078F1D0 /* CxyHubUITests */,
				3D223F0022805ECE0078F1D0 /* Products */,
				30F29C4C6A9D6F2A56E5DF71 /* Pods */,
				C1E29842A6ACF47C36467141 /* Frameworks */,
			);
			sourceTree = "<group>";
		};
		3D223F0022805ECE0078F1D0 /* Products */ = {
			isa = PBXGroup;
			children = (
				3D223EFF22805ECE0078F1D0 /* CxyHub.app */,
				3D223F1322805ED00078F1D0 /* CxyHubTests.xctest */,
				3D223F1E22805ED10078F1D0 /* CxyHubUITests.xctest */,
			);
			name = Products;
			sourceTree = "<group>";
		};
		3D223F0122805ECE0078F1D0 /* CxyHub */ = {
			isa = PBXGroup;
			children = (
				3D223F0E22805ED00078F1D0 /* Info.plist */,
				3D223F3022806AB00078F1D0 /* Application */,
				3D223F3122806AC30078F1D0 /* Assets */,
				3D223F5522806C1A0078F1D0 /* Extensions */,
				3D223F3222806AE10078F1D0 /* Main */,
				3D223F4C22806BC30078F1D0 /* Shared */,
			);
			path = CxyHub;
			sourceTree = "<group>";
		};
		3D223F1622805ED00078F1D0 /* CxyHubTests */ = {
			isa = PBXGroup;
			children = (
				3D223F1722805ED00078F1D0 /* CxyHubTests.swift */,
				3D223F1922805ED10078F1D0 /* Info.plist */,
			);
			path = CxyHubTests;
			sourceTree = "<group>";
		};
		3D223F2122805ED10078F1D0 /* CxyHubUITests */ = {
			isa = PBXGroup;
			children = (
				3D223F2222805ED10078F1D0 /* CxyHubUITests.swift */,
				3D223F2422805ED10078F1D0 /* Info.plist */,
			);
			path = CxyHubUITests;
			sourceTree = "<group>";
		};
		3D223F3022806AB00078F1D0 /* Application */ = {
			isa = PBXGroup;
			children = (
				3D223F0222805ECE0078F1D0 /* AppDelegate.swift */,
			);
			path = Application;
			sourceTree = "<group>";
		};
		3D223F3122806AC30078F1D0 /* Assets */ = {
			isa = PBXGroup;
			children = (
				3D223F0422805ECE0078F1D0 /* ViewController.swift */,
				3D223F0622805ECF0078F1D0 /* Main.storyboard */,
				3D223F0922805ED00078F1D0 /* Assets.xcassets */,
				3D223F0B22805ED00078F1D0 /* LaunchScreen.storyboard */,
				B22D7868228875A0005DC870 /* CxyHub-Bridging-Header.h */,
			);
			path = Assets;
			sourceTree = "<group>";
		};
		3D223F3222806AE10078F1D0 /* Main */ = {
			isa = PBXGroup;
			children = (
				3D27065B22898C70007BE64F /* Detail */,
				3D223F5922806C530078F1D0 /* Tabbar */,
				3D223F4922806BA80078F1D0 /* Web */,
				3D223F4622806B960078F1D0 /* Login */,
				3D223F4322806B830078F1D0 /* Mine */,
				3D223F3722806B210078F1D0 /* Search */,
				3D223F3622806B190078F1D0 /* Star */,
				3D223F3522806B020078F1D0 /* News */,
				3D223F3422806AFA0078F1D0 /* Hot */,
				3D223F3322806AF30078F1D0 /* Base */,
			);
			path = Main;
			sourceTree = "<group>";
		};
		3D223F3322806AF30078F1D0 /* Base */ = {
			isa = PBXGroup;
			children = (
				3D223F612281780D0078F1D0 /* BaseClient.swift */,
				3D223F6A22817C5A0078F1D0 /* BaseApi.swift */,
				3D223F602281780D0078F1D0 /* BaseResponse.swift */,
				3D223F3922806B3D0078F1D0 /* BaseViewController.swift */,
				3D223F7222819E0A0078F1D0 /* BaseTableViewController.swift */,
				3D27063F22853388007BE64F /* BaseNavigationViewController.swift */,
			);
			path = Base;
			sourceTree = "<group>";
		};
		3D223F3422806AFA0078F1D0 /* Hot */ = {
			isa = PBXGroup;
			children = (
				3D223F3B22806B560078F1D0 /* HotViewController.swift */,
				3D223F7A22828D0C0078F1D0 /* HotFilterViewController.swift */,
				B2122A592283232700D80E30 /* HotFilterHeaderView.swift */,
				3D223F7622819F340078F1D0 /* HotCell.swift */,
				3D223F6C22817D6B0078F1D0 /* HotApi.swift */,
				3D223F6E22817D740078F1D0 /* HotClient.swift */,
				3D223F7022819CF00078F1D0 /* HotItem.swift */,
				3D223F7822828BD10078F1D0 /* HotTrendingLangApi.swift */,
			);
			path = Hot;
			sourceTree = "<group>";
		};
		3D223F3522806B020078F1D0 /* News */ = {
			isa = PBXGroup;
			children = (
				3D223F3D22806B5E0078F1D0 /* NewsViewController.swift */,
			);
			path = News;
			sourceTree = "<group>";
		};
		3D223F3622806B190078F1D0 /* Star */ = {
			isa = PBXGroup;
			children = (
				3D223F3F22806B650078F1D0 /* StarViewController.swift */,
			);
			path = Star;
			sourceTree = "<group>";
		};
		3D223F3722806B210078F1D0 /* Search */ = {
			isa = PBXGroup;
			children = (
				3D223F4122806B6D0078F1D0 /* SearchViewController.swift */,
			);
			path = Search;
			sourceTree = "<group>";
		};
		3D223F4322806B830078F1D0 /* Mine */ = {
			isa = PBXGroup;
			children = (
				3D223F4422806B8B0078F1D0 /* MineViewController.swift */,
				B281AAE62286805900C2D58D /* SettingViewController.swift */,
				3D27064B2285A718007BE64F /* MineProfileCell.swift */,
				B281AAE4228678DF00C2D58D /* MineOtherCell.swift */,
				3D27064D2285AB78007BE64F /* MineNumberItem.swift */,
				3D27064F2285C541007BE64F /* MineApi.swift */,
				3D2706512285C630007BE64F /* MineClient.swift */,
				3D2706532285C6C9007BE64F /* MineUser.swift */,
			);
			path = Mine;
			sourceTree = "<group>";
		};
		3D223F4622806B960078F1D0 /* Login */ = {
			isa = PBXGroup;
			children = (
				3D223F4722806B9F0078F1D0 /* LoginViewController.swift */,
				3D270643228569F0007BE64F /* LoginClient.swift */,
				3D27064522856A36007BE64F /* LoginApi.swift */,
				3D27064922859C35007BE64F /* LoginAccess.swift */,
			);
			path = Login;
			sourceTree = "<group>";
		};
		3D223F4922806BA80078F1D0 /* Web */ = {
			isa = PBXGroup;
			children = (
				3D223F4A22806BB10078F1D0 /* WebViewController.swift */,
			);
			path = Web;
			sourceTree = "<group>";
		};
		3D223F4C22806BC30078F1D0 /* Shared */ = {
			isa = PBXGroup;
			children = (
				B2122A4E22831E4700D80E30 /* AppConstants.swift */,
				B2122A4F22831E4700D80E30 /* AppInfo.swift */,
				B2122A4A22831E4700D80E30 /* DeviceInfo.swift */,
				B2122A5022831E4700D80E30 /* KeyboardHelper.swift */,
				B2122A4C22831E4700D80E30 /* NotificationConstants.swift */,
				B2122A4D22831E4700D80E30 /* Reachability.swift */,
				B2122A4922831E4700D80E30 /* SystemUtils.swift */,
				B2122A4B22831E4700D80E30 /* UserAgent.swift */,
				3D27064722856FA3007BE64F /* Login.swift */,
				B22D78632286D1CE005DC870 /* HotFilter.swift */,
			);
			path = Shared;
			sourceTree = "<group>";
		};
		3D223F5522806C1A0078F1D0 /* Extensions */ = {
			isa = PBXGroup;
			children = (
				3D223F6622817B940078F1D0 /* DictionaryExtension.swift */,
				3D223F6522817B940078F1D0 /* UIViewExtension.swift */,
				3D223F6422817B940078F1D0 /* URLExtension.swift */,
				3D223F7422819E660078F1D0 /* UITableViewExtension.swift */,
				3D223F7C228290E30078F1D0 /* EnumExtension.swift */,
				3D223F7E2282D10B0078F1D0 /* UISearchBar+Keyboard.swift */,
				3D27063D2285333B007BE64F /* UINavigationController+TabBar.swift */,
				3D27064122854CF4007BE64F /* Array+subscript.swift */,
				B22D7865228821DB005DC870 /* String+Base64.swift */,
				3D27065822894B6D007BE64F /* DTImageTextAttachment+CxyHub.h */,
				3D27065922894B6D007BE64F /* DTImageTextAttachment+CxyHub.m */,
			);
			path = Extensions;
			sourceTree = "<group>";
		};
		3D223F5922806C530078F1D0 /* Tabbar */ = {
			isa = PBXGroup;
			children = (
				3D223F5A22806C6D0078F1D0 /* TabBarViewController.swift */,
			);
			path = Tabbar;
			sourceTree = "<group>";
		};
		3D27065B22898C70007BE64F /* Detail */ = {
			isa = PBXGroup;
			children = (
				3D27066722899D18007BE64F /* DetailOwner.swift */,
				3D27066322899C6F007BE64F /* Detail.swift */,
				3D27065C22898C88007BE64F /* DetailViewController.swift */,
				3D27065E22898D25007BE64F /* DetailApi.swift */,
				3D27066A22899E1A007BE64F /* DetailClient.swift */,
			);
			path = Detail;
			sourceTree = "<group>";
		};
		C1E29842A6ACF47C36467141 /* Frameworks */ = {
			isa = PBXGroup;
			children = (
				DBE1F8C28CC48EECBFCE88FF /* Pods_CxyHub.framework */,
				F643AB992C33FB9559A16637 /* Pods_CxyHubTests.framework */,
				B136EFD1D26F643E7360BE43 /* Pods_CxyHubUITests.framework */,
			);
			name = Frameworks;
			sourceTree = "<group>";
		};
/* End PBXGroup section */

/* Begin PBXNativeTarget section */
		3D223EFE22805ECE0078F1D0 /* CxyHub */ = {
			isa = PBXNativeTarget;
			buildConfigurationList = 3D223F2722805ED10078F1D0 /* Build configuration list for PBXNativeTarget "CxyHub" */;
			buildPhases = (
				E7CFC3FBABC0D9F405B265C9 /* [CP] Check Pods Manifest.lock */,
				3D223EFB22805ECE0078F1D0 /* Sources */,
				3D223EFC22805ECE0078F1D0 /* Frameworks */,
				3D223EFD22805ECE0078F1D0 /* Resources */,
				4E2FF081BAC0D8F6CCBD5875 /* [CP] Embed Pods Frameworks */,
			);
			buildRules = (
			);
			dependencies = (
			);
			name = CxyHub;
			productName = CxyHub;
			productReference = 3D223EFF22805ECE0078F1D0 /* CxyHub.app */;
			productType = "com.apple.product-type.application";
		};
		3D223F1222805ED00078F1D0 /* CxyHubTests */ = {
			isa = PBXNativeTarget;
			buildConfigurationList = 3D223F2A22805ED10078F1D0 /* Build configuration list for PBXNativeTarget "CxyHubTests" */;
			buildPhases = (
				F7E9F63D9188C6CF5F273EE8 /* [CP] Check Pods Manifest.lock */,
				3D223F0F22805ED00078F1D0 /* Sources */,
				3D223F1022805ED00078F1D0 /* Frameworks */,
				3D223F1122805ED00078F1D0 /* Resources */,
			);
			buildRules = (
			);
			dependencies = (
				3D223F1522805ED00078F1D0 /* PBXTargetDependency */,
			);
			name = CxyHubTests;
			productName = CxyHubTests;
			productReference = 3D223F1322805ED00078F1D0 /* CxyHubTests.xctest */;
			productType = "com.apple.product-type.bundle.unit-test";
		};
		3D223F1D22805ED10078F1D0 /* CxyHubUITests */ = {
			isa = PBXNativeTarget;
			buildConfigurationList = 3D223F2D22805ED10078F1D0 /* Build configuration list for PBXNativeTarget "CxyHubUITests" */;
			buildPhases = (
				073CDDDBED3F54193F4F16F6 /* [CP] Check Pods Manifest.lock */,
				3D223F1A22805ED10078F1D0 /* Sources */,
				3D223F1B22805ED10078F1D0 /* Frameworks */,
				3D223F1C22805ED10078F1D0 /* Resources */,
			);
			buildRules = (
			);
			dependencies = (
				3D223F2022805ED10078F1D0 /* PBXTargetDependency */,
			);
			name = CxyHubUITests;
			productName = CxyHubUITests;
			productReference = 3D223F1E22805ED10078F1D0 /* CxyHubUITests.xctest */;
			productType = "com.apple.product-type.bundle.ui-testing";
		};
/* End PBXNativeTarget section */

/* Begin PBXProject section */
		3D223EF722805ECE0078F1D0 /* Project object */ = {
			isa = PBXProject;
			attributes = {
				LastSwiftUpdateCheck = 1010;
				LastUpgradeCheck = 1010;
				ORGANIZATIONNAME = cj;
				TargetAttributes = {
					3D223EFE22805ECE0078F1D0 = {
						CreatedOnToolsVersion = 10.1;
						LastSwiftMigration = 1000;
					};
					3D223F1222805ED00078F1D0 = {
						CreatedOnToolsVersion = 10.1;
						TestTargetID = 3D223EFE22805ECE0078F1D0;
					};
					3D223F1D22805ED10078F1D0 = {
						CreatedOnToolsVersion = 10.1;
						TestTargetID = 3D223EFE22805ECE0078F1D0;
					};
				};
			};
			buildConfigurationList = 3D223EFA22805ECE0078F1D0 /* Build configuration list for PBXProject "CxyHub" */;
			compatibilityVersion = "Xcode 9.3";
			developmentRegion = en;
			hasScannedForEncodings = 0;
			knownRegions = (
				en,
				Base,
			);
			mainGroup = 3D223EF622805ECE0078F1D0;
			productRefGroup = 3D223F0022805ECE0078F1D0 /* Products */;
			projectDirPath = "";
			projectRoot = "";
			targets = (
				3D223EFE22805ECE0078F1D0 /* CxyHub */,
				3D223F1222805ED00078F1D0 /* CxyHubTests */,
				3D223F1D22805ED10078F1D0 /* CxyHubUITests */,
			);
		};
/* End PBXProject section */

/* Begin PBXResourcesBuildPhase section */
		3D223EFD22805ECE0078F1D0 /* Resources */ = {
			isa = PBXResourcesBuildPhase;
			buildActionMask = 2147483647;
			files = (
				3D223F0D22805ED00078F1D0 /* LaunchScreen.storyboard in Resources */,
				3D223F0A22805ED00078F1D0 /* Assets.xcassets in Resources */,
				3D223F0822805ECF0078F1D0 /* Main.storyboard in Resources */,
			);
			runOnlyForDeploymentPostprocessing = 0;
		};
		3D223F1122805ED00078F1D0 /* Resources */ = {
			isa = PBXResourcesBuildPhase;
			buildActionMask = 2147483647;
			files = (
			);
			runOnlyForDeploymentPostprocessing = 0;
		};
		3D223F1C22805ED10078F1D0 /* Resources */ = {
			isa = PBXResourcesBuildPhase;
			buildActionMask = 2147483647;
			files = (
			);
			runOnlyForDeploymentPostprocessing = 0;
		};
/* End PBXResourcesBuildPhase section */

/* Begin PBXShellScriptBuildPhase section */
		073CDDDBED3F54193F4F16F6 /* [CP] Check Pods Manifest.lock */ = {
			isa = PBXShellScriptBuildPhase;
			buildActionMask = 2147483647;
			files = (
			);
			inputPaths = (
				"${PODS_PODFILE_DIR_PATH}/Podfile.lock",
				"${PODS_ROOT}/Manifest.lock",
			);
			name = "[CP] Check Pods Manifest.lock";
			outputPaths = (
				"$(DERIVED_FILE_DIR)/Pods-CxyHubUITests-checkManifestLockResult.txt",
			);
			runOnlyForDeploymentPostprocessing = 0;
			shellPath = /bin/sh;
			shellScript = "diff \"${PODS_PODFILE_DIR_PATH}/Podfile.lock\" \"${PODS_ROOT}/Manifest.lock\" > /dev/null\nif [ $? != 0 ] ; then\n    # print error to STDERR\n    echo \"error: The sandbox is not in sync with the Podfile.lock. Run 'pod install' or update your CocoaPods installation.\" >&2\n    exit 1\nfi\n# This output is used by Xcode 'outputs' to avoid re-running this script phase.\necho \"SUCCESS\" > \"${SCRIPT_OUTPUT_FILE_0}\"\n";
			showEnvVarsInLog = 0;
		};
		4E2FF081BAC0D8F6CCBD5875 /* [CP] Embed Pods Frameworks */ = {
			isa = PBXShellScriptBuildPhase;
			buildActionMask = 2147483647;
			files = (
			);
			inputPaths = (
				"${PODS_ROOT}/Target Support Files/Pods-CxyHub/Pods-CxyHub-frameworks.sh",
				"${BUILT_PRODUCTS_DIR}/Alamofire/Alamofire.framework",
				"${BUILT_PRODUCTS_DIR}/DTCoreText/DTCoreText.framework",
				"${BUILT_PRODUCTS_DIR}/DTFoundation/DTFoundation.framework",
				"${BUILT_PRODUCTS_DIR}/EFCMark/EFCMark.framework",
				"${BUILT_PRODUCTS_DIR}/EFMarkdown/EFMarkdown.framework",
				"${BUILT_PRODUCTS_DIR}/HandyJSON/HandyJSON.framework",
				"${BUILT_PRODUCTS_DIR}/Kingfisher/Kingfisher.framework",
				"${BUILT_PRODUCTS_DIR}/MJRefresh/MJRefresh.framework",
				"${BUILT_PRODUCTS_DIR}/SnapKit/SnapKit.framework",
			);
			name = "[CP] Embed Pods Frameworks";
			outputPaths = (
				"${TARGET_BUILD_DIR}/${FRAMEWORKS_FOLDER_PATH}/Alamofire.framework",
				"${TARGET_BUILD_DIR}/${FRAMEWORKS_FOLDER_PATH}/DTCoreText.framework",
				"${TARGET_BUILD_DIR}/${FRAMEWORKS_FOLDER_PATH}/DTFoundation.framework",
				"${TARGET_BUILD_DIR}/${FRAMEWORKS_FOLDER_PATH}/EFCMark.framework",
				"${TARGET_BUILD_DIR}/${FRAMEWORKS_FOLDER_PATH}/EFMarkdown.framework",
				"${TARGET_BUILD_DIR}/${FRAMEWORKS_FOLDER_PATH}/HandyJSON.framework",
				"${TARGET_BUILD_DIR}/${FRAMEWORKS_FOLDER_PATH}/Kingfisher.framework",
				"${TARGET_BUILD_DIR}/${FRAMEWORKS_FOLDER_PATH}/MJRefresh.framework",
				"${TARGET_BUILD_DIR}/${FRAMEWORKS_FOLDER_PATH}/SnapKit.framework",
			);
			runOnlyForDeploymentPostprocessing = 0;
			shellPath = /bin/sh;
			shellScript = "\"${PODS_ROOT}/Target Support Files/Pods-CxyHub/Pods-CxyHub-frameworks.sh\"\n";
			showEnvVarsInLog = 0;
		};
		E7CFC3FBABC0D9F405B265C9 /* [CP] Check Pods Manifest.lock */ = {
			isa = PBXShellScriptBuildPhase;
			buildActionMask = 2147483647;
			files = (
			);
			inputPaths = (
				"${PODS_PODFILE_DIR_PATH}/Podfile.lock",
				"${PODS_ROOT}/Manifest.lock",
			);
			name = "[CP] Check Pods Manifest.lock";
			outputPaths = (
				"$(DERIVED_FILE_DIR)/Pods-CxyHub-checkManifestLockResult.txt",
			);
			runOnlyForDeploymentPostprocessing = 0;
			shellPath = /bin/sh;
			shellScript = "diff \"${PODS_PODFILE_DIR_PATH}/Podfile.lock\" \"${PODS_ROOT}/Manifest.lock\" > /dev/null\nif [ $? != 0 ] ; then\n    # print error to STDERR\n    echo \"error: The sandbox is not in sync with the Podfile.lock. Run 'pod install' or update your CocoaPods installation.\" >&2\n    exit 1\nfi\n# This output is used by Xcode 'outputs' to avoid re-running this script phase.\necho \"SUCCESS\" > \"${SCRIPT_OUTPUT_FILE_0}\"\n";
			showEnvVarsInLog = 0;
		};
		F7E9F63D9188C6CF5F273EE8 /* [CP] Check Pods Manifest.lock */ = {
			isa = PBXShellScriptBuildPhase;
			buildActionMask = 2147483647;
			files = (
			);
			inputPaths = (
				"${PODS_PODFILE_DIR_PATH}/Podfile.lock",
				"${PODS_ROOT}/Manifest.lock",
			);
			name = "[CP] Check Pods Manifest.lock";
			outputPaths = (
				"$(DERIVED_FILE_DIR)/Pods-CxyHubTests-checkManifestLockResult.txt",
			);
			runOnlyForDeploymentPostprocessing = 0;
			shellPath = /bin/sh;
			shellScript = "diff \"${PODS_PODFILE_DIR_PATH}/Podfile.lock\" \"${PODS_ROOT}/Manifest.lock\" > /dev/null\nif [ $? != 0 ] ; then\n    # print error to STDERR\n    echo \"error: The sandbox is not in sync with the Podfile.lock. Run 'pod install' or update your CocoaPods installation.\" >&2\n    exit 1\nfi\n# This output is used by Xcode 'outputs' to avoid re-running this script phase.\necho \"SUCCESS\" > \"${SCRIPT_OUTPUT_FILE_0}\"\n";
			showEnvVarsInLog = 0;
		};
/* End PBXShellScriptBuildPhase section */

/* Begin PBXSourcesBuildPhase section */
		3D223EFB22805ECE0078F1D0 /* Sources */ = {
			isa = PBXSourcesBuildPhase;
			buildActionMask = 2147483647;
			files = (
				3D223F6822817B940078F1D0 /* UIViewExtension.swift in Sources */,
				3D2706542285C6C9007BE64F /* MineUser.swift in Sources */,
				3D27066922899D19007BE64F /* DetailOwner.swift in Sources */,
				3D223F6B22817C5A0078F1D0 /* BaseApi.swift in Sources */,
				B281AAE5228678DF00C2D58D /* MineOtherCell.swift in Sources */,
				3D27064E2285AB78007BE64F /* MineNumberItem.swift in Sources */,
				B2122A5122831E4700D80E30 /* SystemUtils.swift in Sources */,
				3D223F4822806B9F0078F1D0 /* LoginViewController.swift in Sources */,
				B22D78642286D1CF005DC870 /* HotFilter.swift in Sources */,
				B2122A5322831E4700D80E30 /* UserAgent.swift in Sources */,
				3D27065D22898C89007BE64F /* DetailViewController.swift in Sources */,
				3D223F7322819E0A0078F1D0 /* BaseTableViewController.swift in Sources */,
				3D223F6722817B940078F1D0 /* URLExtension.swift in Sources */,
				3D223F7522819E660078F1D0 /* UITableViewExtension.swift in Sources */,
				3D27064222854CF4007BE64F /* Array+subscript.swift in Sources */,
				3D223F3C22806B560078F1D0 /* HotViewController.swift in Sources */,
				B2122A5822831E4700D80E30 /* KeyboardHelper.swift in Sources */,
				3D223F5B22806C6D0078F1D0 /* TabBarViewController.swift in Sources */,
				3D223F6F22817D740078F1D0 /* HotClient.swift in Sources */,
				3D223F7F2282D10C0078F1D0 /* UISearchBar+Keyboard.swift in Sources */,
				3D223F622281780D0078F1D0 /* BaseResponse.swift in Sources */,
				3D27063E2285333B007BE64F /* UINavigationController+TabBar.swift in Sources */,
				B2122A5722831E4700D80E30 /* AppInfo.swift in Sources */,
				3D223F4222806B6D0078F1D0 /* SearchViewController.swift in Sources */,
				3D223F6922817B940078F1D0 /* DictionaryExtension.swift in Sources */,
				3D223F4B22806BB10078F1D0 /* WebViewController.swift in Sources */,
				3D223F632281780D0078F1D0 /* BaseClient.swift in Sources */,
				3D27064A22859C36007BE64F /* LoginAccess.swift in Sources */,
				3D27064822856FA3007BE64F /* Login.swift in Sources */,
				3D223F0522805ECE0078F1D0 /* ViewController.swift in Sources */,
				3D223F6D22817D6B0078F1D0 /* HotApi.swift in Sources */,
				3D223F4522806B8B0078F1D0 /* MineViewController.swift in Sources */,
				3D223F0322805ECE0078F1D0 /* AppDelegate.swift in Sources */,
				B2122A5222831E4700D80E30 /* DeviceInfo.swift in Sources */,
				3D223F7D228290E30078F1D0 /* EnumExtension.swift in Sources */,
				3D223F3E22806B5E0078F1D0 /* NewsViewController.swift in Sources */,
				B2122A5422831E4700D80E30 /* NotificationConstants.swift in Sources */,
				3D27065F22898D25007BE64F /* DetailApi.swift in Sources */,
				B2122A5622831E4700D80E30 /* AppConstants.swift in Sources */,
				B281AAE72286805900C2D58D /* SettingViewController.swift in Sources */,
				3D223F4022806B650078F1D0 /* StarViewController.swift in Sources */,
				B2122A5A2283232700D80E30 /* HotFilterHeaderView.swift in Sources */,
				3D27064C2285A718007BE64F /* MineProfileCell.swift in Sources */,
				3D223F7122819CF00078F1D0 /* HotItem.swift in Sources */,
				3D223F7922828BD10078F1D0 /* HotTrendingLangApi.swift in Sources */,
				3D27064022853388007BE64F /* BaseNavigationViewController.swift in Sources */,
				3D223F7B22828D0C0078F1D0 /* HotFilterViewController.swift in Sources */,
				3D27066B22899E1A007BE64F /* DetailClient.swift in Sources */,
				3D270644228569F0007BE64F /* LoginClient.swift in Sources */,
				3D2706522285C630007BE64F /* MineClient.swift in Sources */,
				3D223F3A22806B3D0078F1D0 /* BaseViewController.swift in Sources */,
				3D27066522899C6F007BE64F /* Detail.swift in Sources */,
				B2122A5522831E4700D80E30 /* Reachability.swift in Sources */,
				3D2706502285C541007BE64F /* MineApi.swift in Sources */,
				B22D7866228821DB005DC870 /* String+Base64.swift in Sources */,
				3D27065A22894B6D007BE64F /* DTImageTextAttachment+CxyHub.m in Sources */,
				3D223F7722819F340078F1D0 /* HotCell.swift in Sources */,
				3D27064622856A36007BE64F /* LoginApi.swift in Sources */,
			);
			runOnlyForDeploymentPostprocessing = 0;
		};
		3D223F0F22805ED00078F1D0 /* Sources */ = {
			isa = PBXSourcesBuildPhase;
			buildActionMask = 2147483647;
			files = (
				3D223F1822805ED00078F1D0 /* CxyHubTests.swift in Sources */,
			);
			runOnlyForDeploymentPostprocessing = 0;
		};
		3D223F1A22805ED10078F1D0 /* Sources */ = {
			isa = PBXSourcesBuildPhase;
			buildActionMask = 2147483647;
			files = (
				3D223F2322805ED10078F1D0 /* CxyHubUITests.swift in Sources */,
			);
			runOnlyForDeploymentPostprocessing = 0;
		};
/* End PBXSourcesBuildPhase section */

/* Begin PBXTargetDependency section */
		3D223F1522805ED00078F1D0 /* PBXTargetDependency */ = {
			isa = PBXTargetDependency;
			target = 3D223EFE22805ECE0078F1D0 /* CxyHub */;
			targetProxy = 3D223F1422805ED00078F1D0 /* PBXContainerItemProxy */;
		};
		3D223F2022805ED10078F1D0 /* PBXTargetDependency */ = {
			isa = PBXTargetDependency;
			target = 3D223EFE22805ECE0078F1D0 /* CxyHub */;
			targetProxy = 3D223F1F22805ED10078F1D0 /* PBXContainerItemProxy */;
		};
/* End PBXTargetDependency section */

/* Begin PBXVariantGroup section */
		3D223F0622805ECF0078F1D0 /* Main.storyboard */ = {
			isa = PBXVariantGroup;
			children = (
				3D223F0722805ECF0078F1D0 /* Base */,
			);
			name = Main.storyboard;
			sourceTree = "<group>";
		};
		3D223F0B22805ED00078F1D0 /* LaunchScreen.storyboard */ = {
			isa = PBXVariantGroup;
			children = (
				3D223F0C22805ED00078F1D0 /* Base */,
			);
			name = LaunchScreen.storyboard;
			sourceTree = "<group>";
		};
/* End PBXVariantGroup section */

/* Begin XCBuildConfiguration section */
		3D223F2522805ED10078F1D0 /* Debug */ = {
			isa = XCBuildConfiguration;
			buildSettings = {
				ALWAYS_SEARCH_USER_PATHS = NO;
				CLANG_ANALYZER_NONNULL = YES;
				CLANG_ANALYZER_NUMBER_OBJECT_CONVERSION = YES_AGGRESSIVE;
				CLANG_CXX_LANGUAGE_STANDARD = "gnu++14";
				CLANG_CXX_LIBRARY = "libc++";
				CLANG_ENABLE_MODULES = YES;
				CLANG_ENABLE_OBJC_ARC = YES;
				CLANG_ENABLE_OBJC_WEAK = YES;
				CLANG_WARN_BLOCK_CAPTURE_AUTORELEASING = YES;
				CLANG_WARN_BOOL_CONVERSION = YES;
				CLANG_WARN_COMMA = YES;
				CLANG_WARN_CONSTANT_CONVERSION = YES;
				CLANG_WARN_DEPRECATED_OBJC_IMPLEMENTATIONS = YES;
				CLANG_WARN_DIRECT_OBJC_ISA_USAGE = YES_ERROR;
				CLANG_WARN_DOCUMENTATION_COMMENTS = YES;
				CLANG_WARN_EMPTY_BODY = YES;
				CLANG_WARN_ENUM_CONVERSION = YES;
				CLANG_WARN_INFINITE_RECURSION = YES;
				CLANG_WARN_INT_CONVERSION = YES;
				CLANG_WARN_NON_LITERAL_NULL_CONVERSION = YES;
				CLANG_WARN_OBJC_IMPLICIT_RETAIN_SELF = YES;
				CLANG_WARN_OBJC_LITERAL_CONVERSION = YES;
				CLANG_WARN_OBJC_ROOT_CLASS = YES_ERROR;
				CLANG_WARN_RANGE_LOOP_ANALYSIS = YES;
				CLANG_WARN_STRICT_PROTOTYPES = YES;
				CLANG_WARN_SUSPICIOUS_MOVE = YES;
				CLANG_WARN_UNGUARDED_AVAILABILITY = YES_AGGRESSIVE;
				CLANG_WARN_UNREACHABLE_CODE = YES;
				CLANG_WARN__DUPLICATE_METHOD_MATCH = YES;
				CODE_SIGN_IDENTITY = "iPhone Developer";
				COPY_PHASE_STRIP = NO;
				DEBUG_INFORMATION_FORMAT = dwarf;
				ENABLE_STRICT_OBJC_MSGSEND = YES;
				ENABLE_TESTABILITY = YES;
				GCC_C_LANGUAGE_STANDARD = gnu11;
				GCC_DYNAMIC_NO_PIC = NO;
				GCC_NO_COMMON_BLOCKS = YES;
				GCC_OPTIMIZATION_LEVEL = 0;
				GCC_PREPROCESSOR_DEFINITIONS = (
					"DEBUG=1",
					"$(inherited)",
				);
				GCC_WARN_64_TO_32_BIT_CONVERSION = YES;
				GCC_WARN_ABOUT_RETURN_TYPE = YES_ERROR;
				GCC_WARN_UNDECLARED_SELECTOR = YES;
				GCC_WARN_UNINITIALIZED_AUTOS = YES_AGGRESSIVE;
				GCC_WARN_UNUSED_FUNCTION = YES;
				GCC_WARN_UNUSED_VARIABLE = YES;
				IPHONEOS_DEPLOYMENT_TARGET = 12.1;
				MTL_ENABLE_DEBUG_INFO = INCLUDE_SOURCE;
				MTL_FAST_MATH = YES;
				ONLY_ACTIVE_ARCH = YES;
				SDKROOT = iphoneos;
				SWIFT_ACTIVE_COMPILATION_CONDITIONS = DEBUG;
				SWIFT_OPTIMIZATION_LEVEL = "-Onone";
			};
			name = Debug;
		};
		3D223F2622805ED10078F1D0 /* Release */ = {
			isa = XCBuildConfiguration;
			buildSettings = {
				ALWAYS_SEARCH_USER_PATHS = NO;
				CLANG_ANALYZER_NONNULL = YES;
				CLANG_ANALYZER_NUMBER_OBJECT_CONVERSION = YES_AGGRESSIVE;
				CLANG_CXX_LANGUAGE_STANDARD = "gnu++14";
				CLANG_CXX_LIBRARY = "libc++";
				CLANG_ENABLE_MODULES = YES;
				CLANG_ENABLE_OBJC_ARC = YES;
				CLANG_ENABLE_OBJC_WEAK = YES;
				CLANG_WARN_BLOCK_CAPTURE_AUTORELEASING = YES;
				CLANG_WARN_BOOL_CONVERSION = YES;
				CLANG_WARN_COMMA = YES;
				CLANG_WARN_CONSTANT_CONVERSION = YES;
				CLANG_WARN_DEPRECATED_OBJC_IMPLEMENTATIONS = YES;
				CLANG_WARN_DIRECT_OBJC_ISA_USAGE = YES_ERROR;
				CLANG_WARN_DOCUMENTATION_COMMENTS = YES;
				CLANG_WARN_EMPTY_BODY = YES;
				CLANG_WARN_ENUM_CONVERSION = YES;
				CLANG_WARN_INFINITE_RECURSION = YES;
				CLANG_WARN_INT_CONVERSION = YES;
				CLANG_WARN_NON_LITERAL_NULL_CONVERSION = YES;
				CLANG_WARN_OBJC_IMPLICIT_RETAIN_SELF = YES;
				CLANG_WARN_OBJC_LITERAL_CONVERSION = YES;
				CLANG_WARN_OBJC_ROOT_CLASS = YES_ERROR;
				CLANG_WARN_RANGE_LOOP_ANALYSIS = YES;
				CLANG_WARN_STRICT_PROTOTYPES = YES;
				CLANG_WARN_SUSPICIOUS_MOVE = YES;
				CLANG_WARN_UNGUARDED_AVAILABILITY = YES_AGGRESSIVE;
				CLANG_WARN_UNREACHABLE_CODE = YES;
				CLANG_WARN__DUPLICATE_METHOD_MATCH = YES;
				CODE_SIGN_IDENTITY = "iPhone Developer";
				COPY_PHASE_STRIP = NO;
				DEBUG_INFORMATION_FORMAT = "dwarf-with-dsym";
				ENABLE_NS_ASSERTIONS = NO;
				ENABLE_STRICT_OBJC_MSGSEND = YES;
				GCC_C_LANGUAGE_STANDARD = gnu11;
				GCC_NO_COMMON_BLOCKS = YES;
				GCC_WARN_64_TO_32_BIT_CONVERSION = YES;
				GCC_WARN_ABOUT_RETURN_TYPE = YES_ERROR;
				GCC_WARN_UNDECLARED_SELECTOR = YES;
				GCC_WARN_UNINITIALIZED_AUTOS = YES_AGGRESSIVE;
				GCC_WARN_UNUSED_FUNCTION = YES;
				GCC_WARN_UNUSED_VARIABLE = YES;
				IPHONEOS_DEPLOYMENT_TARGET = 12.1;
				MTL_ENABLE_DEBUG_INFO = NO;
				MTL_FAST_MATH = YES;
				SDKROOT = iphoneos;
				SWIFT_COMPILATION_MODE = wholemodule;
				SWIFT_OPTIMIZATION_LEVEL = "-O";
				VALIDATE_PRODUCT = YES;
			};
			name = Release;
		};
		3D223F2822805ED10078F1D0 /* Debug */ = {
			isa = XCBuildConfiguration;
			baseConfigurationReference = 3DBE24AC07EE82823788514C /* Pods-CxyHub.debug.xcconfig */;
			buildSettings = {
				ASSETCATALOG_COMPILER_APPICON_NAME = AppIcon;
				ASSETCATALOG_COMPILER_LAUNCHIMAGE_NAME = LaunchImage;
				CLANG_ENABLE_MODULES = YES;
				CODE_SIGN_STYLE = Automatic;
				DEVELOPMENT_TEAM = L94HEL9RUT;
				INFOPLIST_FILE = CxyHub/Info.plist;
				IPHONEOS_DEPLOYMENT_TARGET = 9.0;
				LD_RUNPATH_SEARCH_PATHS = (
					"$(inherited)",
					"@executable_path/Frameworks",
				);
				PRODUCT_BUNDLE_IDENTIFIER = com.cj.CxyHub;
				PRODUCT_NAME = "$(TARGET_NAME)";
				SWIFT_OBJC_BRIDGING_HEADER = "CxyHub/Assets/CxyHub-Bridging-Header.h";
				SWIFT_OPTIMIZATION_LEVEL = "-Onone";
				SWIFT_VERSION = 4.2;
				TARGETED_DEVICE_FAMILY = "1,2";
			};
			name = Debug;
		};
		3D223F2922805ED10078F1D0 /* Release */ = {
			isa = XCBuildConfiguration;
			baseConfigurationReference = 684FC79C9D8ADD685A1DA722 /* Pods-CxyHub.release.xcconfig */;
			buildSettings = {
				ASSETCATALOG_COMPILER_APPICON_NAME = AppIcon;
				ASSETCATALOG_COMPILER_LAUNCHIMAGE_NAME = LaunchImage;
				CLANG_ENABLE_MODULES = YES;
				CODE_SIGN_STYLE = Automatic;
				DEVELOPMENT_TEAM = L94HEL9RUT;
				INFOPLIST_FILE = CxyHub/Info.plist;
				IPHONEOS_DEPLOYMENT_TARGET = 9.0;
				LD_RUNPATH_SEARCH_PATHS = (
					"$(inherited)",
					"@executable_path/Frameworks",
				);
				PRODUCT_BUNDLE_IDENTIFIER = com.cj.CxyHub;
				PRODUCT_NAME = "$(TARGET_NAME)";
				SWIFT_OBJC_BRIDGING_HEADER = "CxyHub/Assets/CxyHub-Bridging-Header.h";
				SWIFT_VERSION = 4.2;
				TARGETED_DEVICE_FAMILY = "1,2";
			};
			name = Release;
		};
		3D223F2B22805ED10078F1D0 /* Debug */ = {
			isa = XCBuildConfiguration;
			baseConfigurationReference = BB15404A9DA2399EFA2C4FCC /* Pods-CxyHubTests.debug.xcconfig */;
			buildSettings = {
				ALWAYS_EMBED_SWIFT_STANDARD_LIBRARIES = YES;
				BUNDLE_LOADER = "$(TEST_HOST)";
				CODE_SIGN_STYLE = Automatic;
				DEVELOPMENT_TEAM = PF2S597TZW;
				GCC_PREFIX_HEADER = "";
				INFOPLIST_FILE = CxyHubTests/Info.plist;
				IPHONEOS_DEPLOYMENT_TARGET = 9.0;
				LD_RUNPATH_SEARCH_PATHS = (
					"$(inherited)",
					"@executable_path/Frameworks",
					"@loader_path/Frameworks",
				);
				PRODUCT_BUNDLE_IDENTIFIER = com.cj.CxyHubTests;
				PRODUCT_NAME = "$(TARGET_NAME)";
				SWIFT_VERSION = 4.2;
				TARGETED_DEVICE_FAMILY = "1,2";
				TEST_HOST = "$(BUILT_PRODUCTS_DIR)/CxyHub.app/CxyHub";
			};
			name = Debug;
		};
		3D223F2C22805ED10078F1D0 /* Release */ = {
			isa = XCBuildConfiguration;
			baseConfigurationReference = 917423118F64FC94A5C6E82E /* Pods-CxyHubTests.release.xcconfig */;
			buildSettings = {
				ALWAYS_EMBED_SWIFT_STANDARD_LIBRARIES = YES;
				BUNDLE_LOADER = "$(TEST_HOST)";
				CODE_SIGN_STYLE = Automatic;
				DEVELOPMENT_TEAM = PF2S597TZW;
				GCC_PREFIX_HEADER = "";
				INFOPLIST_FILE = CxyHubTests/Info.plist;
				IPHONEOS_DEPLOYMENT_TARGET = 9.0;
				LD_RUNPATH_SEARCH_PATHS = (
					"$(inherited)",
					"@executable_path/Frameworks",
					"@loader_path/Frameworks",
				);
				PRODUCT_BUNDLE_IDENTIFIER = com.cj.CxyHubTests;
				PRODUCT_NAME = "$(TARGET_NAME)";
				SWIFT_VERSION = 4.2;
				TARGETED_DEVICE_FAMILY = "1,2";
				TEST_HOST = "$(BUILT_PRODUCTS_DIR)/CxyHub.app/CxyHub";
			};
			name = Release;
		};
		3D223F2E22805ED10078F1D0 /* Debug */ = {
			isa = XCBuildConfiguration;
			baseConfigurationReference = FDA532AE17B89DEBE6411238 /* Pods-CxyHubUITests.debug.xcconfig */;
			buildSettings = {
				ALWAYS_EMBED_SWIFT_STANDARD_LIBRARIES = YES;
				CODE_SIGN_STYLE = Automatic;
				DEVELOPMENT_TEAM = PF2S597TZW;
				INFOPLIST_FILE = CxyHubUITests/Info.plist;
				IPHONEOS_DEPLOYMENT_TARGET = 9.0;
				LD_RUNPATH_SEARCH_PATHS = (
					"$(inherited)",
					"@executable_path/Frameworks",
					"@loader_path/Frameworks",
				);
				PRODUCT_BUNDLE_IDENTIFIER = com.cj.CxyHubUITests;
				PRODUCT_NAME = "$(TARGET_NAME)";
				SWIFT_VERSION = 4.2;
				TARGETED_DEVICE_FAMILY = "1,2";
				TEST_TARGET_NAME = CxyHub;
			};
			name = Debug;
		};
		3D223F2F22805ED10078F1D0 /* Release */ = {
			isa = XCBuildConfiguration;
			baseConfigurationReference = 80C262E817E838043A844E18 /* Pods-CxyHubUITests.release.xcconfig */;
			buildSettings = {
				ALWAYS_EMBED_SWIFT_STANDARD_LIBRARIES = YES;
				CODE_SIGN_STYLE = Automatic;
				DEVELOPMENT_TEAM = PF2S597TZW;
				INFOPLIST_FILE = CxyHubUITests/Info.plist;
				IPHONEOS_DEPLOYMENT_TARGET = 9.0;
				LD_RUNPATH_SEARCH_PATHS = (
					"$(inherited)",
					"@executable_path/Frameworks",
					"@loader_path/Frameworks",
				);
				PRODUCT_BUNDLE_IDENTIFIER = com.cj.CxyHubUITests;
				PRODUCT_NAME = "$(TARGET_NAME)";
				SWIFT_VERSION = 4.2;
				TARGETED_DEVICE_FAMILY = "1,2";
				TEST_TARGET_NAME = CxyHub;
			};
			name = Release;
		};
/* End XCBuildConfiguration section */

/* Begin XCConfigurationList section */
		3D223EFA22805ECE0078F1D0 /* Build configuration list for PBXProject "CxyHub" */ = {
			isa = XCConfigurationList;
			buildConfigurations = (
				3D223F2522805ED10078F1D0 /* Debug */,
				3D223F2622805ED10078F1D0 /* Release */,
			);
			defaultConfigurationIsVisible = 0;
			defaultConfigurationName = Release;
		};
		3D223F2722805ED10078F1D0 /* Build configuration list for PBXNativeTarget "CxyHub" */ = {
			isa = XCConfigurationList;
			buildConfigurations = (
				3D223F2822805ED10078F1D0 /* Debug */,
				3D223F2922805ED10078F1D0 /* Release */,
			);
			defaultConfigurationIsVisible = 0;
			defaultConfigurationName = Release;
		};
		3D223F2A22805ED10078F1D0 /* Build configuration list for PBXNativeTarget "CxyHubTests" */ = {
			isa = XCConfigurationList;
			buildConfigurations = (
				3D223F2B22805ED10078F1D0 /* Debug */,
				3D223F2C22805ED10078F1D0 /* Release */,
			);
			defaultConfigurationIsVisible = 0;
			defaultConfigurationName = Release;
		};
		3D223F2D22805ED10078F1D0 /* Build configuration list for PBXNativeTarget "CxyHubUITests" */ = {
			isa = XCConfigurationList;
			buildConfigurations = (
				3D223F2E22805ED10078F1D0 /* Debug */,
				3D223F2F22805ED10078F1D0 /* Release */,
			);
			defaultConfigurationIsVisible = 0;
			defaultConfigurationName = Release;
		};
/* End XCConfigurationList section */
	};
	rootObject = 3D223EF722805ECE0078F1D0 /* Project object */;
}
